{
    "version": 3,
    "terraform_version": "0.11.5",
    "serial": 4,
    "lineage": "82e7ca9a-15cb-c2de-c6d9-8164ade9c106",
    "modules": [
        {
            "path": [
                "root"
            ],
            "outputs": {},
            "resources": {
                "aws_ami_from_instance.wp_golden": {
                    "type": "aws_ami_from_instance",
                    "depends_on": [
                        "aws_instance.webserver"
                    ],
                    "primary": {
                        "id": "ami-4e5ed231",
                        "attributes": {
                            "architecture": "x86_64",
                            "description": "",
                            "ebs_block_device.#": "1",
                            "ebs_block_device.1886480334.delete_on_termination": "true",
                            "ebs_block_device.1886480334.device_name": "/dev/sda1",
                            "ebs_block_device.1886480334.encrypted": "false",
                            "ebs_block_device.1886480334.iops": "0",
                            "ebs_block_device.1886480334.snapshot_id": "snap-03589b8cb9ffcab57",
                            "ebs_block_device.1886480334.volume_size": "10",
                            "ebs_block_device.1886480334.volume_type": "gp2",
                            "ephemeral_block_device.#": "0",
                            "id": "ami-4e5ed231",
                            "image_location": "212752592132/wp_ami_tomcat",
                            "kernel_id": "",
                            "manage_ebs_snapshots": "true",
                            "name": "wp_ami_tomcat",
                            "ramdisk_id": "",
                            "root_device_name": "/dev/sda1",
                            "root_snapshot_id": "snap-03589b8cb9ffcab57",
                            "source_instance_id": "i-03102132194a4678b",
                            "sriov_net_support": "simple",
                            "tags.%": "0",
                            "virtualization_type": "hvm"
                        },
                        "meta": {
                            "e2bfb730-ecaa-11e6-8f88-34363bc7c4c0": {
                                "create": 2400000000000,
                                "delete": 5400000000000,
                                "update": 2400000000000
                            }
                        },
                        "tainted": false
                    },
                    "deposed": [],
                    "provider": "provider.aws"
                },
                "aws_autoscaling_group.wp_asg": {
                    "type": "aws_autoscaling_group",
                    "depends_on": [
                        "aws_elb.wp_elb",
                        "aws_launch_configuration.wp_lc",
                        "aws_subnet.wp_private1_subnet",
                        "aws_subnet.wp_private2_subnet"
                    ],
                    "primary": {
                        "id": "tf-asg-20180509145955167600000003",
                        "attributes": {
                            "arn": "arn:aws:autoscaling:us-east-1:212752592132:autoScalingGroup:88988fa8-819a-42d1-8ff8-9227d9257d76:autoScalingGroupName/tf-asg-20180509145955167600000003",
                            "availability_zones.#": "2",
                            "availability_zones.1305112097": "us-east-1b",
                            "availability_zones.3569565595": "us-east-1a",
                            "default_cooldown": "300",
                            "desired_capacity": "2",
                            "enabled_metrics.#": "0",
                            "force_delete": "false",
                            "health_check_grace_period": "300",
                            "health_check_type": "EC2",
                            "id": "tf-asg-20180509145955167600000003",
                            "launch_configuration": "wp_lc-20180509145953828000000002",
                            "launch_template.#": "0",
                            "load_balancers.#": "1",
                            "load_balancers.2956172511": "newbalancer-elb",
                            "max_size": "4",
                            "metrics_granularity": "1Minute",
                            "min_size": "2",
                            "name": "tf-asg-20180509145955167600000003",
                            "placement_group": "",
                            "protect_from_scale_in": "false",
                            "service_linked_role_arn": "arn:aws:iam::212752592132:role/aws-service-role/autoscaling.amazonaws.com/AWSServiceRoleForAutoScaling",
                            "suspended_processes.#": "0",
                            "tags.#": "1",
                            "tags.0.%": "3",
                            "tags.0.key": "Name",
                            "tags.0.propagate_at_launch": "1",
                            "tags.0.value": "prod",
                            "target_group_arns.#": "0",
                            "termination_policies.#": "0",
                            "vpc_zone_identifier.#": "2",
                            "vpc_zone_identifier.1355698544": "subnet-83d66cc9",
                            "vpc_zone_identifier.432203446": "subnet-80a656ae",
                            "wait_for_capacity_timeout": "10m"
                        },
                        "meta": {
                            "e2bfb730-ecaa-11e6-8f88-34363bc7c4c0": {
                                "delete": 600000000000
                            }
                        },
                        "tainted": false
                    },
                    "deposed": [],
                    "provider": "provider.aws"
                },
                "aws_autoscaling_policy.cpu_policy": {
                    "type": "aws_autoscaling_policy",
                    "depends_on": [
                        "aws_autoscaling_group.wp_asg"
                    ],
                    "primary": {
                        "id": "CpuPolicy",
                        "attributes": {
                            "adjustment_type": "ChangeInCapacity",
                            "arn": "arn:aws:autoscaling:us-east-1:212752592132:scalingPolicy:5bdcc718-127a-415b-96ec-5b8f872fdca7:autoScalingGroupName/tf-asg-20180509145955167600000003:policyName/CpuPolicy",
                            "autoscaling_group_name": "tf-asg-20180509145955167600000003",
                            "cooldown": "300",
                            "estimated_instance_warmup": "0",
                            "id": "CpuPolicy",
                            "metric_aggregation_type": "",
                            "min_adjustment_step": "0",
                            "name": "CpuPolicy",
                            "policy_type": "SimpleScaling",
                            "scaling_adjustment": "1",
                            "step_adjustment.#": "0",
                            "target_tracking_configuration.#": "0"
                        },
                        "meta": {},
                        "tainted": false
                    },
                    "deposed": [],
                    "provider": "provider.aws"
                },
                "aws_autoscaling_policy.policy_down": {
                    "type": "aws_autoscaling_policy",
                    "depends_on": [
                        "aws_autoscaling_group.wp_asg"
                    ],
                    "primary": {
                        "id": "downPolicy",
                        "attributes": {
                            "adjustment_type": "ChangeInCapacity",
                            "arn": "arn:aws:autoscaling:us-east-1:212752592132:scalingPolicy:687bc8d0-083c-4d63-b3ce-4b3d6163f6b5:autoScalingGroupName/tf-asg-20180509145955167600000003:policyName/downPolicy",
                            "autoscaling_group_name": "tf-asg-20180509145955167600000003",
                            "cooldown": "300",
                            "estimated_instance_warmup": "0",
                            "id": "downPolicy",
                            "metric_aggregation_type": "",
                            "min_adjustment_step": "0",
                            "name": "downPolicy",
                            "policy_type": "SimpleScaling",
                            "scaling_adjustment": "-1",
                            "step_adjustment.#": "0",
                            "target_tracking_configuration.#": "0"
                        },
                        "meta": {},
                        "tainted": false
                    },
                    "deposed": [],
                    "provider": "provider.aws"
                },
                "aws_cloudwatch_metric_alarm.monitor_cpu": {
                    "type": "aws_cloudwatch_metric_alarm",
                    "depends_on": [
                        "aws_autoscaling_group.wp_asg",
                        "aws_autoscaling_policy.cpu_policy"
                    ],
                    "primary": {
                        "id": "cpuwatch-asg",
                        "attributes": {
                            "actions_enabled": "true",
                            "alarm_actions.#": "1",
                            "alarm_actions.1438815918": "arn:aws:autoscaling:us-east-1:212752592132:scalingPolicy:5bdcc718-127a-415b-96ec-5b8f872fdca7:autoScalingGroupName/tf-asg-20180509145955167600000003:policyName/CpuPolicy",
                            "alarm_description": "",
                            "alarm_name": "cpuwatch-asg",
                            "comparison_operator": "LessThanOrEqualToThreshold",
                            "datapoints_to_alarm": "0",
                            "dimensions.%": "1",
                            "dimensions.AutoScalingGroupName": "tf-asg-20180509145955167600000003",
                            "evaluate_low_sample_count_percentiles": "",
                            "evaluation_periods": "3",
                            "extended_statistic": "",
                            "id": "cpuwatch-asg",
                            "insufficient_data_actions.#": "0",
                            "metric_name": "CPUUtilization",
                            "namespace": "AWSec2",
                            "ok_actions.#": "0",
                            "period": "120",
                            "statistic": "Average",
                            "threshold": "50",
                            "treat_missing_data": "missing",
                            "unit": ""
                        },
                        "meta": {
                            "schema_version": "1"
                        },
                        "tainted": false
                    },
                    "deposed": [],
                    "provider": "provider.aws"
                },
                "aws_cloudwatch_metric_alarm.monitor_down": {
                    "type": "aws_cloudwatch_metric_alarm",
                    "depends_on": [
                        "aws_autoscaling_group.wp_asg",
                        "aws_autoscaling_policy.cpu_policy"
                    ],
                    "primary": {
                        "id": "downwatch-asg",
                        "attributes": {
                            "actions_enabled": "true",
                            "alarm_actions.#": "1",
                            "alarm_actions.1438815918": "arn:aws:autoscaling:us-east-1:212752592132:scalingPolicy:5bdcc718-127a-415b-96ec-5b8f872fdca7:autoScalingGroupName/tf-asg-20180509145955167600000003:policyName/CpuPolicy",
                            "alarm_description": "",
                            "alarm_name": "downwatch-asg",
                            "comparison_operator": "LessThanOrEqualToThreshold",
                            "datapoints_to_alarm": "0",
                            "dimensions.%": "1",
                            "dimensions.AutoScalingGroupName": "tf-asg-20180509145955167600000003",
                            "evaluate_low_sample_count_percentiles": "",
                            "evaluation_periods": "2",
                            "extended_statistic": "",
                            "id": "downwatch-asg",
                            "insufficient_data_actions.#": "0",
                            "metric_name": "CPUUtilization",
                            "namespace": "AWSec2",
                            "ok_actions.#": "0",
                            "period": "120",
                            "statistic": "Average",
                            "threshold": "10",
                            "treat_missing_data": "missing",
                            "unit": ""
                        },
                        "meta": {
                            "schema_version": "1"
                        },
                        "tainted": false
                    },
                    "deposed": [],
                    "provider": "provider.aws"
                },
                "aws_default_route_table.wp_private_rt": {
                    "type": "aws_default_route_table",
                    "depends_on": [
                        "aws_vpc.wp_vpc"
                    ],
                    "primary": {
                        "id": "rtb-ea010896",
                        "attributes": {
                            "default_route_table_id": "rtb-ea010896",
                            "id": "rtb-ea010896",
                            "propagating_vgws.#": "0",
                            "route.#": "1",
                            "route.609763120.cidr_block": "0.0.0.0/0",
                            "route.609763120.egress_only_gateway_id": "",
                            "route.609763120.gateway_id": "",
                            "route.609763120.instance_id": "",
                            "route.609763120.ipv6_cidr_block": "",
                            "route.609763120.nat_gateway_id": "nat-0a5529cfe69f63393",
                            "route.609763120.network_interface_id": "",
                            "route.609763120.vpc_peering_connection_id": "",
                            "tags.%": "1",
                            "tags.Name": "wp_private",
                            "vpc_id": "vpc-99e8cfe2"
                        },
                        "meta": {},
                        "tainted": false
                    },
                    "deposed": [],
                    "provider": "provider.aws"
                },
                "aws_eip.neweip": {
                    "type": "aws_eip",
                    "depends_on": [],
                    "primary": {
                        "id": "eipalloc-3141a639",
                        "attributes": {
                            "association_id": "eipassoc-6757e8df",
                            "domain": "vpc",
                            "id": "eipalloc-3141a639",
                            "instance": "",
                            "network_interface": "eni-ef68b27b",
                            "private_ip": "10.0.1.238",
                            "public_ip": "18.205.226.236",
                            "tags.%": "0",
                            "vpc": "true"
                        },
                        "meta": {
                            "e2bfb730-ecaa-11e6-8f88-34363bc7c4c0": {
                                "delete": 180000000000,
                                "read": 900000000000,
                                "update": 300000000000
                            }
                        },
                        "tainted": false
                    },
                    "deposed": [],
                    "provider": "provider.aws"
                },
                "aws_elb.wp_elb": {
                    "type": "aws_elb",
                    "depends_on": [
                        "aws_iam_server_certificate.test_cert",
                        "aws_security_group.wp_sg",
                        "aws_subnet.wp_public1_subnet",
                        "aws_subnet.wp_public2_subnet"
                    ],
                    "primary": {
                        "id": "newbalancer-elb",
                        "attributes": {
                            "access_logs.#": "0",
                            "arn": "arn:aws:elasticloadbalancing:us-east-1:212752592132:loadbalancer/newbalancer-elb",
                            "availability_zones.#": "2",
                            "availability_zones.1305112097": "us-east-1b",
                            "availability_zones.3569565595": "us-east-1a",
                            "connection_draining": "true",
                            "connection_draining_timeout": "400",
                            "cross_zone_load_balancing": "true",
                            "dns_name": "newbalancer-elb-354425176.us-east-1.elb.amazonaws.com",
                            "health_check.#": "1",
                            "health_check.0.healthy_threshold": "2",
                            "health_check.0.interval": "30",
                            "health_check.0.target": "HTTP:8080/",
                            "health_check.0.timeout": "3",
                            "health_check.0.unhealthy_threshold": "2",
                            "id": "newbalancer-elb",
                            "idle_timeout": "400",
                            "instances.#": "3",
                            "instances.2301227034": "i-09b8f45fb33996efc",
                            "instances.3809458049": "i-03102132194a4678b",
                            "instances.629882224": "i-06bdcff7b423570ac",
                            "internal": "false",
                            "listener.#": "2",
                            "listener.1471781205.instance_port": "443",
                            "listener.1471781205.instance_protocol": "https",
                            "listener.1471781205.lb_port": "443",
                            "listener.1471781205.lb_protocol": "https",
                            "listener.1471781205.ssl_certificate_id": "arn:aws:iam::212752592132:server-certificate/some_test_cert",
                            "listener.3802845210.instance_port": "8080",
                            "listener.3802845210.instance_protocol": "tcp",
                            "listener.3802845210.lb_port": "8080",
                            "listener.3802845210.lb_protocol": "tcp",
                            "listener.3802845210.ssl_certificate_id": "",
                            "name": "newbalancer-elb",
                            "security_groups.#": "1",
                            "security_groups.3468446103": "sg-8e68afc6",
                            "source_security_group": "212752592132/wp_sg",
                            "source_security_group_id": "sg-8e68afc6",
                            "subnets.#": "2",
                            "subnets.1722826613": "subnet-a1d56feb",
                            "subnets.2993778138": "subnet-e3ae5ecd",
                            "tags.%": "1",
                            "tags.Name": "wp_elb_new",
                            "zone_id": "Z35SXDOTRQ7X7K"
                        },
                        "meta": {},
                        "tainted": false
                    },
                    "deposed": [],
                    "provider": "provider.aws"
                },
                "aws_elb_attachment.baz": {
                    "type": "aws_elb_attachment",
                    "depends_on": [
                        "aws_elb.wp_elb",
                        "aws_instance.webserver"
                    ],
                    "primary": {
                        "id": "newbalancer-elb-20180509145825228600000001",
                        "attributes": {
                            "elb": "newbalancer-elb",
                            "id": "newbalancer-elb-20180509145825228600000001",
                            "instance": "i-03102132194a4678b"
                        },
                        "meta": {},
                        "tainted": false
                    },
                    "deposed": [],
                    "provider": "provider.aws"
                },
                "aws_iam_instance_profile.test_profile": {
                    "type": "aws_iam_instance_profile",
                    "depends_on": [
                        "aws_iam_role.ec2_role"
                    ],
                    "primary": {
                        "id": "test_profile",
                        "attributes": {
                            "arn": "arn:aws:iam::212752592132:instance-profile/test_profile",
                            "id": "test_profile",
                            "name": "test_profile",
                            "path": "/",
                            "role": "ec2_role",
                            "roles.#": "1",
                            "roles.3266022404": "ec2_role",
                            "unique_id": "AIPAJXASERXUSOGVIGKNC"
                        },
                        "meta": {},
                        "tainted": false
                    },
                    "deposed": [],
                    "provider": "provider.aws"
                },
                "aws_iam_role.ec2_role": {
                    "type": "aws_iam_role",
                    "depends_on": [],
                    "primary": {
                        "id": "ec2_role",
                        "attributes": {
                            "arn": "arn:aws:iam::212752592132:role/ec2_role",
                            "assume_role_policy": "{\"Version\":\"2012-10-17\",\"Statement\":[{\"Sid\":\"\",\"Effect\":\"Allow\",\"Principal\":{\"Service\":\"ec2.amazonaws.com\"},\"Action\":\"sts:AssumeRole\"}]}",
                            "create_date": "2018-05-09T14:50:01Z",
                            "force_detach_policies": "false",
                            "id": "ec2_role",
                            "max_session_duration": "3600",
                            "name": "ec2_role",
                            "path": "/",
                            "unique_id": "AROAIGOAZPBRCGSS3RJHO"
                        },
                        "meta": {},
                        "tainted": false
                    },
                    "deposed": [],
                    "provider": "provider.aws"
                },
                "aws_iam_role_policy.admin_attach": {
                    "type": "aws_iam_role_policy",
                    "depends_on": [
                        "aws_iam_role.ec2_role"
                    ],
                    "primary": {
                        "id": "ec2_role:adminaccess",
                        "attributes": {
                            "id": "ec2_role:adminaccess",
                            "name": "adminaccess",
                            "policy": "{\n    \"Version\": \"2012-10-17\",\n    \"Statement\": [\n        {\n            \"Effect\": \"Allow\",\n            \"Action\": \"*\",\n            \"Resource\": \"*\"\n        }\n    ]\n}\n",
                            "role": "ec2_role"
                        },
                        "meta": {},
                        "tainted": false
                    },
                    "deposed": [],
                    "provider": "provider.aws"
                },
                "aws_iam_server_certificate.test_cert": {
                    "type": "aws_iam_server_certificate",
                    "depends_on": [],
                    "primary": {
                        "id": "ASCAI622FSSJ6LIJVTY2I",
                        "attributes": {
                            "arn": "arn:aws:iam::212752592132:server-certificate/some_test_cert",
                            "certificate_body": "1fc0ed5ce0e00ebb262933386d6aa889c536f9de",
                            "id": "ASCAI622FSSJ6LIJVTY2I",
                            "name": "some_test_cert",
                            "path": "/",
                            "private_key": "52fcf161cfe25a1afc75e0e81ab6fc808f60d339"
                        },
                        "meta": {},
                        "tainted": false
                    },
                    "deposed": [],
                    "provider": "provider.aws"
                },
                "aws_instance.bastion": {
                    "type": "aws_instance",
                    "depends_on": [
                        "aws_key_pair.mykey",
                        "aws_security_group.wp_sg",
                        "aws_subnet.wp_public1_subnet"
                    ],
                    "primary": {
                        "id": "i-0c536da484893e6d6",
                        "attributes": {
                            "ami": "ami-43a15f3e",
                            "associate_public_ip_address": "true",
                            "availability_zone": "us-east-1a",
                            "credit_specification.#": "1",
                            "credit_specification.0.cpu_credits": "standard",
                            "disable_api_termination": "false",
                            "ebs_block_device.#": "0",
                            "ebs_optimized": "false",
                            "ephemeral_block_device.#": "0",
                            "get_password_data": "false",
                            "iam_instance_profile": "",
                            "id": "i-0c536da484893e6d6",
                            "instance_state": "running",
                            "instance_type": "t2.micro",
                            "ipv6_addresses.#": "0",
                            "key_name": "mykey",
                            "monitoring": "false",
                            "network_interface.#": "0",
                            "network_interface_id": "eni-0e6cb69a",
                            "password_data": "",
                            "placement_group": "",
                            "primary_network_interface_id": "eni-0e6cb69a",
                            "private_dns": "ip-10-0-1-181.ec2.internal",
                            "private_ip": "10.0.1.181",
                            "public_dns": "ec2-54-172-171-204.compute-1.amazonaws.com",
                            "public_ip": "54.172.171.204",
                            "root_block_device.#": "1",
                            "root_block_device.0.delete_on_termination": "true",
                            "root_block_device.0.iops": "100",
                            "root_block_device.0.volume_id": "vol-067765ae58d608f20",
                            "root_block_device.0.volume_size": "8",
                            "root_block_device.0.volume_type": "gp2",
                            "security_groups.#": "0",
                            "source_dest_check": "true",
                            "subnet_id": "subnet-e3ae5ecd",
                            "tags.%": "1",
                            "tags.Name": "bastion",
                            "tenancy": "default",
                            "volume_tags.%": "0",
                            "vpc_security_group_ids.#": "1",
                            "vpc_security_group_ids.3468446103": "sg-8e68afc6"
                        },
                        "meta": {
                            "e2bfb730-ecaa-11e6-8f88-34363bc7c4c0": {
                                "create": 600000000000,
                                "delete": 1200000000000,
                                "update": 600000000000
                            },
                            "schema_version": "1"
                        },
                        "tainted": false
                    },
                    "deposed": [],
                    "provider": "provider.aws"
                },
                "aws_instance.webserver": {
                    "type": "aws_instance",
                    "depends_on": [
                        "aws_key_pair.mykey",
                        "aws_security_group.wp_sg",
                        "aws_subnet.wp_public1_subnet"
                    ],
                    "primary": {
                        "id": "i-03102132194a4678b",
                        "attributes": {
                            "ami": "ami-6871a115",
                            "associate_public_ip_address": "true",
                            "availability_zone": "us-east-1a",
                            "credit_specification.#": "1",
                            "credit_specification.0.cpu_credits": "standard",
                            "disable_api_termination": "false",
                            "ebs_block_device.#": "0",
                            "ebs_optimized": "false",
                            "ephemeral_block_device.#": "0",
                            "get_password_data": "false",
                            "iam_instance_profile": "",
                            "id": "i-03102132194a4678b",
                            "instance_state": "running",
                            "instance_type": "t2.micro",
                            "ipv6_addresses.#": "0",
                            "key_name": "mykey",
                            "monitoring": "false",
                            "network_interface.#": "0",
                            "network_interface_id": "eni-b4ed4820",
                            "password_data": "",
                            "placement_group": "",
                            "primary_network_interface_id": "eni-b4ed4820",
                            "private_dns": "ip-10-0-1-198.ec2.internal",
                            "private_ip": "10.0.1.198",
                            "public_dns": "ec2-52-90-238-113.compute-1.amazonaws.com",
                            "public_ip": "52.90.238.113",
                            "root_block_device.#": "1",
                            "root_block_device.0.delete_on_termination": "true",
                            "root_block_device.0.iops": "100",
                            "root_block_device.0.volume_id": "vol-051440c9925d0e524",
                            "root_block_device.0.volume_size": "10",
                            "root_block_device.0.volume_type": "gp2",
                            "security_groups.#": "0",
                            "source_dest_check": "true",
                            "subnet_id": "subnet-e3ae5ecd",
                            "tags.%": "1",
                            "tags.Name": "Dev",
                            "tenancy": "default",
                            "volume_tags.%": "0",
                            "vpc_security_group_ids.#": "1",
                            "vpc_security_group_ids.3468446103": "sg-8e68afc6"
                        },
                        "meta": {
                            "e2bfb730-ecaa-11e6-8f88-34363bc7c4c0": {
                                "create": 600000000000,
                                "delete": 1200000000000,
                                "update": 600000000000
                            },
                            "schema_version": "1"
                        },
                        "tainted": false
                    },
                    "deposed": [],
                    "provider": "provider.aws"
                },
                "aws_internet_gateway.wp_internet_gateway": {
                    "type": "aws_internet_gateway",
                    "depends_on": [
                        "aws_vpc.wp_vpc"
                    ],
                    "primary": {
                        "id": "igw-9cf29ae4",
                        "attributes": {
                            "id": "igw-9cf29ae4",
                            "tags.%": "1",
                            "tags.Name": "wp_igw",
                            "vpc_id": "vpc-99e8cfe2"
                        },
                        "meta": {},
                        "tainted": false
                    },
                    "deposed": [],
                    "provider": "provider.aws"
                },
                "aws_key_pair.mykey": {
                    "type": "aws_key_pair",
                    "depends_on": [],
                    "primary": {
                        "id": "mykey",
                        "attributes": {
                            "fingerprint": "cb:f9:e7:b4:3a:f1:e9:41:04:3d:88:39:5c:e7:aa:76",
                            "id": "mykey",
                            "key_name": "mykey",
                            "public_key": "ssh-rsa AAAAB3NzaC1yc2EAAAADAQABAAABAQC/BdbILYsBVJn5JkAn0b5nklnCL6z3AVWAAzmabTYlj5YKdSE+byQvhoNlPOYeLbPy/P31OBVGrJxkXEMJSUM6uzHrnweXbUcQA8P5+pSQkQmGslIF2kL/4VIXSZjYs/9SMwg0iCRdmwNXhdWjTrYCyfUl8gNkmbZjnEZH5wV6fX4gHd/0vLFeARfJEy8I3d1Kuw0dCuxG/jcNVKEkb+p2WEYTV10JNIwH1EzfOQAPURZY3KuPNazq6mek3vMoizmSf/v+rYsrSmXprypcWb/AAvfFsKevOBY1POxMh2BH32owZDnqaYk8gNzc7OzSrBdH8QP0+06yxvIbLvB7scFr ubuntu@terraform-box"
                        },
                        "meta": {
                            "schema_version": "1"
                        },
                        "tainted": false
                    },
                    "deposed": [],
                    "provider": "provider.aws"
                },
                "aws_launch_configuration.wp_lc": {
                    "type": "aws_launch_configuration",
                    "depends_on": [
                        "aws_ami_from_instance.wp_golden",
                        "aws_key_pair.mykey",
                        "aws_security_group.wp_sg"
                    ],
                    "primary": {
                        "id": "wp_lc-20180509145953828000000002",
                        "attributes": {
                            "associate_public_ip_address": "false",
                            "ebs_block_device.#": "0",
                            "ebs_optimized": "false",
                            "enable_monitoring": "true",
                            "ephemeral_block_device.#": "0",
                            "iam_instance_profile": "",
                            "id": "wp_lc-20180509145953828000000002",
                            "image_id": "ami-4e5ed231",
                            "instance_type": "t2.micro",
                            "key_name": "mykey",
                            "name": "wp_lc-20180509145953828000000002",
                            "name_prefix": "wp_lc-",
                            "root_block_device.#": "0",
                            "security_groups.#": "1",
                            "security_groups.3468446103": "sg-8e68afc6",
                            "spot_price": "",
                            "vpc_classic_link_id": "",
                            "vpc_classic_link_security_groups.#": "0"
                        },
                        "meta": {},
                        "tainted": false
                    },
                    "deposed": [],
                    "provider": "provider.aws"
                },
                "aws_nat_gateway.nat": {
                    "type": "aws_nat_gateway",
                    "depends_on": [
                        "aws_eip.neweip.*",
                        "aws_subnet.wp_public1_subnet.*"
                    ],
                    "primary": {
                        "id": "nat-0a5529cfe69f63393",
                        "attributes": {
                            "allocation_id": "eipalloc-3141a639",
                            "id": "nat-0a5529cfe69f63393",
                            "network_interface_id": "eni-ef68b27b",
                            "private_ip": "10.0.1.238",
                            "public_ip": "18.205.226.236",
                            "subnet_id": "subnet-e3ae5ecd",
                            "tags.%": "0"
                        },
                        "meta": {},
                        "tainted": false
                    },
                    "deposed": [],
                    "provider": "provider.aws"
                },
                "aws_route.nat_gateway": {
                    "type": "aws_route",
                    "depends_on": [
                        "aws_default_route_table.wp_private_rt.*",
                        "aws_nat_gateway.nat.*"
                    ],
                    "primary": {
                        "id": "r-rtb-ea0108961080289494",
                        "attributes": {
                            "destination_cidr_block": "0.0.0.0/0",
                            "destination_prefix_list_id": "",
                            "egress_only_gateway_id": "",
                            "gateway_id": "",
                            "id": "r-rtb-ea0108961080289494",
                            "instance_id": "",
                            "instance_owner_id": "",
                            "nat_gateway_id": "nat-0a5529cfe69f63393",
                            "network_interface_id": "",
                            "origin": "CreateRoute",
                            "route_table_id": "rtb-ea010896",
                            "state": "active",
                            "vpc_peering_connection_id": ""
                        },
                        "meta": {
                            "e2bfb730-ecaa-11e6-8f88-34363bc7c4c0": {
                                "create": 120000000000,
                                "delete": 300000000000
                            }
                        },
                        "tainted": false
                    },
                    "deposed": [],
                    "provider": "provider.aws"
                },
                "aws_route53_record.www": {
                    "type": "aws_route53_record",
                    "depends_on": [
                        "aws_elb.wp_elb",
                        "aws_route53_zone.primary"
                    ],
                    "primary": {
                        "id": "Z2IQ1LVUAWF0YV_www.sandeep078.tk_A",
                        "attributes": {
                            "alias.#": "1",
                            "alias.660746805.evaluate_target_health": "false",
                            "alias.660746805.name": "newbalancer-elb-354425176.us-east-1.elb.amazonaws.com",
                            "alias.660746805.zone_id": "Z35SXDOTRQ7X7K",
                            "allow_overwrite": "true",
                            "fqdn": "www.sandeep078.tk",
                            "health_check_id": "",
                            "id": "Z2IQ1LVUAWF0YV_www.sandeep078.tk_A",
                            "name": "www.sandeep078.tk",
                            "records.#": "0",
                            "set_identifier": "",
                            "ttl": "0",
                            "type": "A",
                            "zone_id": "Z2IQ1LVUAWF0YV"
                        },
                        "meta": {
                            "schema_version": "2"
                        },
                        "tainted": false
                    },
                    "deposed": [],
                    "provider": "provider.aws"
                },
                "aws_route53_zone.primary": {
                    "type": "aws_route53_zone",
                    "depends_on": [],
                    "primary": {
                        "id": "Z2IQ1LVUAWF0YV",
                        "attributes": {
                            "comment": "Managed by Terraform",
                            "force_destroy": "false",
                            "id": "Z2IQ1LVUAWF0YV",
                            "name": "www.sandeep078.tk",
                            "name_servers.#": "4",
                            "name_servers.0": "ns-1436.awsdns-51.org",
                            "name_servers.1": "ns-1690.awsdns-19.co.uk",
                            "name_servers.2": "ns-468.awsdns-58.com",
                            "name_servers.3": "ns-849.awsdns-42.net",
                            "tags.%": "0",
                            "zone_id": "Z2IQ1LVUAWF0YV"
                        },
                        "meta": {},
                        "tainted": false
                    },
                    "deposed": [],
                    "provider": "provider.aws"
                },
                "aws_route53_zone.secondary": {
                    "type": "aws_route53_zone",
                    "depends_on": [
                        "aws_vpc.wp_vpc"
                    ],
                    "primary": {
                        "id": "Z2GHDIIS1HVN9U",
                        "attributes": {
                            "comment": "Managed by Terraform",
                            "force_destroy": "false",
                            "id": "Z2GHDIIS1HVN9U",
                            "name": "www.sandeep078.tk",
                            "name_servers.#": "4",
                            "name_servers.0": "ns-0.awsdns-00.com.",
                            "name_servers.1": "ns-1024.awsdns-00.org.",
                            "name_servers.2": "ns-1536.awsdns-00.co.uk.",
                            "name_servers.3": "ns-512.awsdns-00.net.",
                            "tags.%": "0",
                            "vpc_id": "vpc-99e8cfe2",
                            "vpc_region": "us-east-1",
                            "zone_id": "Z2GHDIIS1HVN9U"
                        },
                        "meta": {},
                        "tainted": false
                    },
                    "deposed": [],
                    "provider": "provider.aws"
                },
                "aws_route_table.wp_public_rt": {
                    "type": "aws_route_table",
                    "depends_on": [
                        "aws_internet_gateway.wp_internet_gateway",
                        "aws_vpc.wp_vpc"
                    ],
                    "primary": {
                        "id": "rtb-4c1d1430",
                        "attributes": {
                            "id": "rtb-4c1d1430",
                            "propagating_vgws.#": "0",
                            "route.#": "1",
                            "route.2149056784.cidr_block": "0.0.0.0/0",
                            "route.2149056784.egress_only_gateway_id": "",
                            "route.2149056784.gateway_id": "igw-9cf29ae4",
                            "route.2149056784.instance_id": "",
                            "route.2149056784.ipv6_cidr_block": "",
                            "route.2149056784.nat_gateway_id": "",
                            "route.2149056784.network_interface_id": "",
                            "route.2149056784.vpc_peering_connection_id": "",
                            "tags.%": "1",
                            "tags.Name": "wp_public",
                            "vpc_id": "vpc-99e8cfe2"
                        },
                        "meta": {},
                        "tainted": false
                    },
                    "deposed": [],
                    "provider": "provider.aws"
                },
                "aws_route_table_association.wp_private1_assoc": {
                    "type": "aws_route_table_association",
                    "depends_on": [
                        "aws_default_route_table.wp_private_rt",
                        "aws_subnet.wp_private1_subnet"
                    ],
                    "primary": {
                        "id": "rtbassoc-e188fe9e",
                        "attributes": {
                            "id": "rtbassoc-e188fe9e",
                            "route_table_id": "rtb-ea010896",
                            "subnet_id": "subnet-80a656ae"
                        },
                        "meta": {},
                        "tainted": false
                    },
                    "deposed": [],
                    "provider": "provider.aws"
                },
                "aws_route_table_association.wp_private2_assoc": {
                    "type": "aws_route_table_association",
                    "depends_on": [
                        "aws_default_route_table.wp_private_rt",
                        "aws_subnet.wp_private2_subnet"
                    ],
                    "primary": {
                        "id": "rtbassoc-71ff890e",
                        "attributes": {
                            "id": "rtbassoc-71ff890e",
                            "route_table_id": "rtb-ea010896",
                            "subnet_id": "subnet-83d66cc9"
                        },
                        "meta": {},
                        "tainted": false
                    },
                    "deposed": [],
                    "provider": "provider.aws"
                },
                "aws_route_table_association.wp_public1_assoc": {
                    "type": "aws_route_table_association",
                    "depends_on": [
                        "aws_route_table.wp_public_rt",
                        "aws_subnet.wp_public1_subnet"
                    ],
                    "primary": {
                        "id": "rtbassoc-3cf38543",
                        "attributes": {
                            "id": "rtbassoc-3cf38543",
                            "route_table_id": "rtb-4c1d1430",
                            "subnet_id": "subnet-e3ae5ecd"
                        },
                        "meta": {},
                        "tainted": false
                    },
                    "deposed": [],
                    "provider": "provider.aws"
                },
                "aws_route_table_association.wp_public2_assoc": {
                    "type": "aws_route_table_association",
                    "depends_on": [
                        "aws_route_table.wp_public_rt",
                        "aws_subnet.wp_public2_subnet"
                    ],
                    "primary": {
                        "id": "rtbassoc-fdf88e82",
                        "attributes": {
                            "id": "rtbassoc-fdf88e82",
                            "route_table_id": "rtb-4c1d1430",
                            "subnet_id": "subnet-a1d56feb"
                        },
                        "meta": {},
                        "tainted": false
                    },
                    "deposed": [],
                    "provider": "provider.aws"
                },
                "aws_security_group.wp_sg": {
                    "type": "aws_security_group",
                    "depends_on": [
                        "aws_vpc.wp_vpc"
                    ],
                    "primary": {
                        "id": "sg-8e68afc6",
                        "attributes": {
                            "arn": "arn:aws:ec2:us-east-1:212752592132:security-group/sg-8e68afc6",
                            "description": "used for elastic load balancer for public",
                            "egress.#": "1",
                            "egress.482069346.cidr_blocks.#": "1",
                            "egress.482069346.cidr_blocks.0": "0.0.0.0/0",
                            "egress.482069346.description": "",
                            "egress.482069346.from_port": "0",
                            "egress.482069346.ipv6_cidr_blocks.#": "0",
                            "egress.482069346.prefix_list_ids.#": "0",
                            "egress.482069346.protocol": "-1",
                            "egress.482069346.security_groups.#": "0",
                            "egress.482069346.self": "false",
                            "egress.482069346.to_port": "0",
                            "id": "sg-8e68afc6",
                            "ingress.#": "7",
                            "ingress.1299894089.cidr_blocks.#": "1",
                            "ingress.1299894089.cidr_blocks.0": "0.0.0.0/0",
                            "ingress.1299894089.description": "",
                            "ingress.1299894089.from_port": "5673",
                            "ingress.1299894089.ipv6_cidr_blocks.#": "0",
                            "ingress.1299894089.protocol": "tcp",
                            "ingress.1299894089.security_groups.#": "0",
                            "ingress.1299894089.self": "false",
                            "ingress.1299894089.to_port": "5673",
                            "ingress.1734363866.cidr_blocks.#": "1",
                            "ingress.1734363866.cidr_blocks.0": "0.0.0.0/0",
                            "ingress.1734363866.description": "",
                            "ingress.1734363866.from_port": "8081",
                            "ingress.1734363866.ipv6_cidr_blocks.#": "0",
                            "ingress.1734363866.protocol": "tcp",
                            "ingress.1734363866.security_groups.#": "0",
                            "ingress.1734363866.self": "false",
                            "ingress.1734363866.to_port": "8081",
                            "ingress.2214680975.cidr_blocks.#": "1",
                            "ingress.2214680975.cidr_blocks.0": "0.0.0.0/0",
                            "ingress.2214680975.description": "",
                            "ingress.2214680975.from_port": "80",
                            "ingress.2214680975.ipv6_cidr_blocks.#": "0",
                            "ingress.2214680975.protocol": "tcp",
                            "ingress.2214680975.security_groups.#": "0",
                            "ingress.2214680975.self": "false",
                            "ingress.2214680975.to_port": "80",
                            "ingress.2541437006.cidr_blocks.#": "1",
                            "ingress.2541437006.cidr_blocks.0": "0.0.0.0/0",
                            "ingress.2541437006.description": "",
                            "ingress.2541437006.from_port": "22",
                            "ingress.2541437006.ipv6_cidr_blocks.#": "0",
                            "ingress.2541437006.protocol": "tcp",
                            "ingress.2541437006.security_groups.#": "0",
                            "ingress.2541437006.self": "false",
                            "ingress.2541437006.to_port": "22",
                            "ingress.2623773107.cidr_blocks.#": "1",
                            "ingress.2623773107.cidr_blocks.0": "0.0.0.0/0",
                            "ingress.2623773107.description": "",
                            "ingress.2623773107.from_port": "15672",
                            "ingress.2623773107.ipv6_cidr_blocks.#": "0",
                            "ingress.2623773107.protocol": "tcp",
                            "ingress.2623773107.security_groups.#": "0",
                            "ingress.2623773107.self": "false",
                            "ingress.2623773107.to_port": "15672",
                            "ingress.516175195.cidr_blocks.#": "1",
                            "ingress.516175195.cidr_blocks.0": "0.0.0.0/0",
                            "ingress.516175195.description": "",
                            "ingress.516175195.from_port": "8080",
                            "ingress.516175195.ipv6_cidr_blocks.#": "0",
                            "ingress.516175195.protocol": "tcp",
                            "ingress.516175195.security_groups.#": "0",
                            "ingress.516175195.self": "false",
                            "ingress.516175195.to_port": "8080",
                            "ingress.887009480.cidr_blocks.#": "1",
                            "ingress.887009480.cidr_blocks.0": "0.0.0.0/0",
                            "ingress.887009480.description": "",
                            "ingress.887009480.from_port": "5672",
                            "ingress.887009480.ipv6_cidr_blocks.#": "0",
                            "ingress.887009480.protocol": "tcp",
                            "ingress.887009480.security_groups.#": "0",
                            "ingress.887009480.self": "false",
                            "ingress.887009480.to_port": "5672",
                            "name": "wp_sg",
                            "owner_id": "212752592132",
                            "revoke_rules_on_delete": "false",
                            "tags.%": "0",
                            "vpc_id": "vpc-99e8cfe2"
                        },
                        "meta": {
                            "e2bfb730-ecaa-11e6-8f88-34363bc7c4c0": {
                                "create": 600000000000,
                                "delete": 600000000000
                            },
                            "schema_version": "1"
                        },
                        "tainted": false
                    },
                    "deposed": [],
                    "provider": "provider.aws"
                },
                "aws_subnet.wp_private1_subnet": {
                    "type": "aws_subnet",
                    "depends_on": [
                        "aws_vpc.wp_vpc",
                        "data.aws_availability_zones.available"
                    ],
                    "primary": {
                        "id": "subnet-80a656ae",
                        "attributes": {
                            "assign_ipv6_address_on_creation": "false",
                            "availability_zone": "us-east-1a",
                            "cidr_block": "10.0.3.0/24",
                            "id": "subnet-80a656ae",
                            "map_public_ip_on_launch": "false",
                            "tags.%": "1",
                            "tags.Name": "wp_private1",
                            "vpc_id": "vpc-99e8cfe2"
                        },
                        "meta": {
                            "schema_version": "1"
                        },
                        "tainted": false
                    },
                    "deposed": [],
                    "provider": "provider.aws"
                },
                "aws_subnet.wp_private2_subnet": {
                    "type": "aws_subnet",
                    "depends_on": [
                        "aws_vpc.wp_vpc",
                        "data.aws_availability_zones.available"
                    ],
                    "primary": {
                        "id": "subnet-83d66cc9",
                        "attributes": {
                            "assign_ipv6_address_on_creation": "false",
                            "availability_zone": "us-east-1b",
                            "cidr_block": "10.0.4.0/24",
                            "id": "subnet-83d66cc9",
                            "map_public_ip_on_launch": "false",
                            "tags.%": "1",
                            "tags.Name": "wp_private2",
                            "vpc_id": "vpc-99e8cfe2"
                        },
                        "meta": {
                            "schema_version": "1"
                        },
                        "tainted": false
                    },
                    "deposed": [],
                    "provider": "provider.aws"
                },
                "aws_subnet.wp_public1_subnet": {
                    "type": "aws_subnet",
                    "depends_on": [
                        "aws_vpc.wp_vpc",
                        "data.aws_availability_zones.available"
                    ],
                    "primary": {
                        "id": "subnet-e3ae5ecd",
                        "attributes": {
                            "assign_ipv6_address_on_creation": "false",
                            "availability_zone": "us-east-1a",
                            "cidr_block": "10.0.1.0/24",
                            "id": "subnet-e3ae5ecd",
                            "map_public_ip_on_launch": "true",
                            "tags.%": "1",
                            "tags.Name": "wp_public1",
                            "vpc_id": "vpc-99e8cfe2"
                        },
                        "meta": {
                            "schema_version": "1"
                        },
                        "tainted": false
                    },
                    "deposed": [],
                    "provider": "provider.aws"
                },
                "aws_subnet.wp_public2_subnet": {
                    "type": "aws_subnet",
                    "depends_on": [
                        "aws_vpc.wp_vpc",
                        "data.aws_availability_zones.available"
                    ],
                    "primary": {
                        "id": "subnet-a1d56feb",
                        "attributes": {
                            "assign_ipv6_address_on_creation": "false",
                            "availability_zone": "us-east-1b",
                            "cidr_block": "10.0.2.0/24",
                            "id": "subnet-a1d56feb",
                            "map_public_ip_on_launch": "true",
                            "tags.%": "1",
                            "tags.Name": "wp_public2",
                            "vpc_id": "vpc-99e8cfe2"
                        },
                        "meta": {
                            "schema_version": "1"
                        },
                        "tainted": false
                    },
                    "deposed": [],
                    "provider": "provider.aws"
                },
                "aws_vpc.wp_vpc": {
                    "type": "aws_vpc",
                    "depends_on": [],
                    "primary": {
                        "id": "vpc-99e8cfe2",
                        "attributes": {
                            "assign_generated_ipv6_cidr_block": "false",
                            "cidr_block": "10.0.0.0/16",
                            "default_network_acl_id": "acl-e0348e9a",
                            "default_route_table_id": "rtb-ea010896",
                            "default_security_group_id": "sg-a06cabe8",
                            "dhcp_options_id": "dopt-e2a5689b",
                            "enable_classiclink": "false",
                            "enable_classiclink_dns_support": "false",
                            "enable_dns_hostnames": "true",
                            "enable_dns_support": "true",
                            "id": "vpc-99e8cfe2",
                            "instance_tenancy": "default",
                            "main_route_table_id": "rtb-ea010896",
                            "tags.%": "1",
                            "tags.Name": "wp_vpc"
                        },
                        "meta": {
                            "schema_version": "1"
                        },
                        "tainted": false
                    },
                    "deposed": [],
                    "provider": "provider.aws"
                },
                "data.aws_availability_zones.available": {
                    "type": "aws_availability_zones",
                    "depends_on": [],
                    "primary": {
                        "id": "2018-05-09 15:03:50.267610797 +0000 UTC",
                        "attributes": {
                            "id": "2018-05-09 15:03:50.267610797 +0000 UTC",
                            "names.#": "6",
                            "names.0": "us-east-1a",
                            "names.1": "us-east-1b",
                            "names.2": "us-east-1c",
                            "names.3": "us-east-1d",
                            "names.4": "us-east-1e",
                            "names.5": "us-east-1f"
                        },
                        "meta": {},
                        "tainted": false
                    },
                    "deposed": [],
                    "provider": "provider.aws"
                }
            },
            "depends_on": []
        }
    ]
}
